
Microsoft Visual Studio Solution File, Format Version 12.00
# Visual Studio Version 16
VisualStudioVersion = 16.0.29209.62
MinimumVisualStudioVersion = 10.0.40219.1
Project("{FAE04EC0-301F-11D3-BF4B-00C04F79EFBC}") = "TNXLOG", "tnxlog\TNXLOG.csproj", "{47BB38FF-680E-4790-9115-1052190565B5}"
EndProject
Project("{54435603-DBB4-11D2-8724-00A0C9A8B90C}") = "TnxlogSetup", "tnxlog-setup\TnxlogSetup.vdproj", "{D25141EB-BE8E-4F15-89D9-73E549A272CB}"
EndProject
Project("{9A19103F-16F7-4668-BE54-9A1E7A4F7556}") = "TciClientLibrary", "..\TCILibrary\TciClient\TciClientLibrary.csproj", "{AEBE7387-2390-4104-8450-662CC29ADEBF}"
EndProject
Project("{2150E333-8FDC-42A3-9474-1A3956D46DE8}") = "Solution Items", "Solution Items", "{DDE12DCD-309F-4C9F-8247-F159582D0C97}"
EndProject
Global
	GlobalSection(SolutionConfigurationPlatforms) = preSolution
		Debug|Any CPU = Debug|Any CPU
		Debug|x86 = Debug|x86
		Release|Any CPU = Release|Any CPU
		Release|x86 = Release|x86
	EndGlobalSection
	GlobalSection(ProjectConfigurationPlatforms) = postSolution
		{47BB38FF-680E-4790-9115-1052190565B5}.Debug|Any CPU.ActiveCfg = Debug|Any CPU
		{47BB38FF-680E-4790-9115-1052190565B5}.Debug|Any CPU.Build.0 = Debug|Any CPU
		{47BB38FF-680E-4790-9115-1052190565B5}.Debug|x86.ActiveCfg = Debug|Any CPU
		{47BB38FF-680E-4790-9115-1052190565B5}.Debug|x86.Build.0 = Debug|Any CPU
		{47BB38FF-680E-4790-9115-1052190565B5}.Release|Any CPU.ActiveCfg = Release|Any CPU
		{47BB38FF-680E-4790-9115-1052190565B5}.Release|Any CPU.Build.0 = Release|Any CPU
		{47BB38FF-680E-4790-9115-1052190565B5}.Release|x86.ActiveCfg = Release|Any CPU
		{47BB38FF-680E-4790-9115-1052190565B5}.Release|x86.Build.0 = Release|Any CPU
		{D25141EB-BE8E-4F15-89D9-73E549A272CB}.Debug|Any CPU.ActiveCfg = Debug
		{D25141EB-BE8E-4F15-89D9-73E549A272CB}.Debug|x86.ActiveCfg = Debug
		{D25141EB-BE8E-4F15-89D9-73E549A272CB}.Release|Any CPU.ActiveCfg = Release
		{D25141EB-BE8E-4F15-89D9-73E549A272CB}.Release|Any CPU.Build.0 = Release
		{D25141EB-BE8E-4F15-89D9-73E549A272CB}.Release|x86.ActiveCfg = Release
		{AEBE7387-2390-4104-8450-662CC29ADEBF}.Debug|Any CPU.ActiveCfg = Debug|Any CPU
		{AEBE7387-2390-4104-8450-662CC29ADEBF}.Debug|Any CPU.Build.0 = Debug|Any CPU
		{AEBE7387-2390-4104-8450-662CC29ADEBF}.Debug|x86.ActiveCfg = Debug|Any CPU
		{AEBE7387-2390-4104-8450-662CC29ADEBF}.Debug|x86.Build.0 = Debug|Any CPU
		{AEBE7387-2390-4104-8450-662CC29ADEBF}.Release|Any CPU.ActiveCfg = Release|Any CPU
		{AEBE7387-2390-4104-8450-662CC29ADEBF}.Release|Any CPU.Build.0 = Release|Any CPU
		{AEBE7387-2390-4104-8450-662CC29ADEBF}.Release|x86.ActiveCfg = Release|Any CPU
		{AEBE7387-2390-4104-8450-662CC29ADEBF}.Release|x86.Build.0 = Release|Any CPU
	EndGlobalSection
	GlobalSection(SolutionProperties) = preSolution
		HideSolutionNode = FALSE
	EndGlobalSection
	GlobalSection(ExtensibilityGlobals) = postSolution
		SolutionGuid = {B6C244F5-FA9D-4C90-A2B6-A2F0F84F1769}
	EndGlobalSection
EndGlobal
